// !$*UTF8*$!
{
	archiveVersion = 1;
	classes = {
	};
	objectVersion = 50;
	objects = {

/* Begin PBXBuildFile section */
		D027CE9E253BD3910046ABFC /* AppDelegate.swift in Sources */ = {isa = PBXBuildFile; fileRef = D027CE9D253BD3910046ABFC /* AppDelegate.swift */; };
		D027CEA0253BD3910046ABFC /* SceneDelegate.swift in Sources */ = {isa = PBXBuildFile; fileRef = D027CE9F253BD3910046ABFC /* SceneDelegate.swift */; };
		D027CEA2253BD3910046ABFC /* ViewController.swift in Sources */ = {isa = PBXBuildFile; fileRef = D027CEA1253BD3910046ABFC /* ViewController.swift */; };
		D027CEA5253BD3910046ABFC /* Main.storyboard in Resources */ = {isa = PBXBuildFile; fileRef = D027CEA3253BD3910046ABFC /* Main.storyboard */; };
		D027CEA7253BD3920046ABFC /* Assets.xcassets in Resources */ = {isa = PBXBuildFile; fileRef = D027CEA6253BD3920046ABFC /* Assets.xcassets */; };
		D027CEAA253BD3920046ABFC /* LaunchScreen.storyboard in Resources */ = {isa = PBXBuildFile; fileRef = D027CEA8253BD3920046ABFC /* LaunchScreen.storyboard */; };
		D027CEB5253BD3920046ABFC /* flixsterTests.swift in Sources */ = {isa = PBXBuildFile; fileRef = D027CEB4253BD3920046ABFC /* flixsterTests.swift */; };
		D027CEC0253BD3920046ABFC /* flixsterUITests.swift in Sources */ = {isa = PBXBuildFile; fileRef = D027CEBF253BD3920046ABFC /* flixsterUITests.swift */; };
/* End PBXBuildFile section */

/* Begin PBXContainerItemProxy section */
		D027CEB1253BD3920046ABFC /* PBXContainerItemProxy */ = {
			isa = PBXContainerItemProxy;
			containerPortal = D027CE92253BD3910046ABFC /* Project object */;
			proxyType = 1;
			remoteGlobalIDString = D027CE99253BD3910046ABFC;
			remoteInfo = flixster;
		};
		D027CEBC253BD3920046ABFC /* PBXContainerItemProxy */ = {
			isa = PBXContainerItemProxy;
			containerPortal = D027CE92253BD3910046ABFC /* Project object */;
			proxyType = 1;
			remoteGlobalIDString = D027CE99253BD3910046ABFC;
			remoteInfo = flixster;
		};
/* End PBXContainerItemProxy section */

/* Begin PBXFileReference section */
		D027CE9A253BD3910046ABFC /* flixster.app */ = {isa = PBXFileReference; explicitFileType = wrapper.application; includeInIndex = 0; path = flixster.app; sourceTree = BUILT_PRODUCTS_DIR; };
		D027CE9D253BD3910046ABFC /* AppDelegate.swift */ = {isa = PBXFileReference; lastKnownFileType = sourcecode.swift; path = AppDelegate.swift; sourceTree = "<group>"; };
		D027CE9F253BD3910046ABFC /* SceneDelegate.swift */ = {isa = PBXFileReference; lastKnownFileType = sourcecode.swift; path = SceneDelegate.swift; sourceTree = "<group>"; };
		D027CEA1253BD3910046ABFC /* ViewController.swift */ = {isa = PBXFileReference; lastKnownFileType = sourcecode.swift; path = ViewController.swift; sourceTree = "<group>"; };
		D027CEA4253BD3910046ABFC /* Base */ = {isa = PBXFileReference; lastKnownFileType = file.storyboard; name = Base; path = Base.lproj/Main.storyboard; sourceTree = "<group>"; };
		D027CEA6253BD3920046ABFC /* Assets.xcassets */ = {isa = PBXFileReference; lastKnownFileType = folder.assetcatalog; path = Assets.xcassets; sourceTree = "<group>"; };
		D027CEA9253BD3920046ABFC /* Base */ = {isa = PBXFileReference; lastKnownFileType = file.storyboard; name = Base; path = Base.lproj/LaunchScreen.storyboard; sourceTree = "<group>"; };
		D027CEAB253BD3920046ABFC /* Info.plist */ = {isa = PBXFileReference; lastKnownFileType = text.plist.xml; path = Info.plist; sourceTree = "<group>"; };
		D027CEB0253BD3920046ABFC /* flixsterTests.xctest */ = {isa = PBXFileReference; explicitFileType = wrapper.cfbundle; includeInIndex = 0; path = flixsterTests.xctest; sourceTree = BUILT_PRODUCTS_DIR; };
		D027CEB4253BD3920046ABFC /* flixsterTests.swift */ = {isa = PBXFileReference; lastKnownFileType = sourcecode.swift; path = flixsterTests.swift; sourceTree = "<group>"; };
		D027CEB6253BD3920046ABFC /* Info.plist */ = {isa = PBXFileReference; lastKnownFileType = text.plist.xml; path = Info.plist; sourceTree = "<group>"; };
		D027CEBB253BD3920046ABFC /* flixsterUITests.xctest */ = {isa = PBXFileReference; explicitFileType = wrapper.cfbundle; includeInIndex = 0; path = flixsterUITests.xctest; sourceTree = BUILT_PRODUCTS_DIR; };
		D027CEBF253BD3920046ABFC /* flixsterUITests.swift */ = {isa = PBXFileReference; lastKnownFileType = sourcecode.swift; path = flixsterUITests.swift; sourceTree = "<group>"; };
		D027CEC1253BD3920046ABFC /* Info.plist */ = {isa = PBXFileReference; lastKnownFileType = text.plist.xml; path = Info.plist; sourceTree = "<group>"; };
/* End PBXFileReference section */

/* Begin PBXFrameworksBuildPhase section */
		D027CE97253BD3910046ABFC /* Frameworks */ = {
			isa = PBXFrameworksBuildPhase;
			buildActionMask = 2147483647;
			files = (
			);
			runOnlyForDeploymentPostprocessing = 0;
		};
		D027CEAD253BD3920046ABFC /* Frameworks */ = {
			isa = PBXFrameworksBuildPhase;
			buildActionMask = 2147483647;
			files = (
			);
			runOnlyForDeploymentPostprocessing = 0;
		};
		D027CEB8253BD3920046ABFC /* Frameworks */ = {
			isa = PBXFrameworksBuildPhase;
			buildActionMask = 2147483647;
			files = (
			);
			runOnlyForDeploymentPostprocessing = 0;
		};
/* End PBXFrameworksBuildPhase section */

/* Begin PBXGroup section */
		D027CE91253BD3910046ABFC = {
			isa = PBXGroup;
			children = (
				D027CE9C253BD3910046ABFC /* flixster */,
				D027CEB3253BD3920046ABFC /* flixsterTests */,
				D027CEBE253BD3920046ABFC /* flixsterUITests */,
				D027CE9B253BD3910046ABFC /* Products */,
			);
			sourceTree = "<group>";
		};
		D027CE9B253BD3910046ABFC /* Products */ = {
			isa = PBXGroup;
			children = (
				D027CE9A253BD3910046ABFC /* flixster.app */,
				D027CEB0253BD3920046ABFC /* flixsterTests.xctest */,
				D027CEBB253BD3920046ABFC /* flixsterUITests.xctest */,
			);
			name = Products;
			sourceTree = "<group>";
		};
		D027CE9C253BD3910046ABFC /* flixster */ = {
			isa = PBXGroup;
			children = (
				D027CE9D253BD3910046ABFC /* AppDelegate.swift */,
				D027CE9F253BD3910046ABFC /* SceneDelegate.swift */,
				D027CEA1253BD3910046ABFC /* ViewController.swift */,
				D027CEA3253BD3910046ABFC /* Main.storyboard */,
				D027CEA6253BD3920046ABFC /* Assets.xcassets */,
				D027CEA8253BD3920046ABFC /* LaunchScreen.storyboard */,
				D027CEAB253BD3920046ABFC /* Info.plist */,
			);
			path = flixster;
			sourceTree = "<group>";
		};
		D027CEB3253BD3920046ABFC /* flixsterTests */ = {
			isa = PBXGroup;
			children = (
				D027CEB4253BD3920046ABFC /* flixsterTests.swift */,
				D027CEB6253BD3920046ABFC /* Info.plist */,
			);
			path = flixsterTests;
			sourceTree = "<group>";
		};
		D027CEBE253BD3920046ABFC /* flixsterUITests */ = {
			isa = PBXGroup;
			children = (
				D027CEBF253BD3920046ABFC /* flixsterUITests.swift */,
				D027CEC1253BD3920046ABFC /* Info.plist */,
			);
			path = flixsterUITests;
			sourceTree = "<group>";
		};
/* End PBXGroup section */

/* Begin PBXNativeTarget section */
		D027CE99253BD3910046ABFC /* flixster */ = {
			isa = PBXNativeTarget;
			buildConfigurationList = D027CEC4253BD3920046ABFC /* Build configuration list for PBXNativeTarget "flixster" */;
			buildPhases = (
				D027CE96253BD3910046ABFC /* Sources */,
				D027CE97253BD3910046ABFC /* Frameworks */,
				D027CE98253BD3910046ABFC /* Resources */,
			);
			buildRules = (
			);
			dependencies = (
			);
			name = flixster;
			productName = flixster;
			productReference = D027CE9A253BD3910046ABFC /* flixster.app */;
			productType = "com.apple.product-type.application";
		};
		D027CEAF253BD3920046ABFC /* flixsterTests */ = {
			isa = PBXNativeTarget;
			buildConfigurationList = D027CEC7253BD3920046ABFC /* Build configuration list for PBXNativeTarget "flixsterTests" */;
			buildPhases = (
				D027CEAC253BD3920046ABFC /* Sources */,
				D027CEAD253BD3920046ABFC /* Frameworks */,
				D027CEAE253BD3920046ABFC /* Resources */,
			);
			buildRules = (
			);
			dependencies = (
				D027CEB2253BD3920046ABFC /* PBXTargetDependency */,
			);
			name = flixsterTests;
			productName = flixsterTests;
			productReference = D027CEB0253BD3920046ABFC /* flixsterTests.xctest */;
			productType = "com.apple.product-type.bundle.unit-test";
		};
		D027CEBA253BD3920046ABFC /* flixsterUITests */ = {
			isa = PBXNativeTarget;
			buildConfigurationList = D027CECA253BD3920046ABFC /* Build configuration list for PBXNativeTarget "flixsterUITests" */;
			buildPhases = (
				D027CEB7253BD3920046ABFC /* Sources */,
				D027CEB8253BD3920046ABFC /* Frameworks */,
				D027CEB9253BD3920046ABFC /* Resources */,
			);
			buildRules = (
			);
			dependencies = (
				D027CEBD253BD3920046ABFC /* PBXTargetDependency */,
			);
			name = flixsterUITests;
			productName = flixsterUITests;
			productReference = D027CEBB253BD3920046ABFC /* flixsterUITests.xctest */;
			productType = "com.apple.product-type.bundle.ui-testing";
		};
/* End PBXNativeTarget section */

/* Begin PBXProject section */
		D027CE92253BD3910046ABFC /* Project object */ = {
			isa = PBXProject;
			attributes = {
				LastSwiftUpdateCheck = 1160;
				LastUpgradeCheck = 1160;
				ORGANIZATIONNAME = Justin;
				TargetAttributes = {
					D027CE99253BD3910046ABFC = {
						CreatedOnToolsVersion = 11.6;
					};
					D027CEAF253BD3920046ABFC = {
						CreatedOnToolsVersion = 11.6;
						TestTargetID = D027CE99253BD3910046ABFC;
					};
					D027CEBA253BD3920046ABFC = {
						CreatedOnToolsVersion = 11.6;
						TestTargetID = D027CE99253BD3910046ABFC;
					};
				};
			};
			buildConfigurationList = D027CE95253BD3910046ABFC /* Build configuration list for PBXProject "flixster" */;
			compatibilityVersion = "Xcode 9.3";
			developmentRegion = en;
			hasScannedForEncodings = 0;
			knownRegions = (
				en,
				Base,
			);
			mainGroup = D027CE91253BD3910046ABFC;
			productRefGroup = D027CE9B253BD3910046ABFC /* Products */;
			projectDirPath = "";
			projectRoot = "";
			targets = (
				D027CE99253BD3910046ABFC /* flixster */,
				D027CEAF253BD3920046ABFC /* flixsterTests */,
				D027CEBA253BD3920046ABFC /* flixsterUITests */,
			);
		};
/* End PBXProject section */

/* Begin PBXResourcesBuildPhase section */
		D027CE98253BD3910046ABFC /* Resources */ = {
			isa = PBXResourcesBuildPhase;
			buildActionMask = 2147483647;
			files = (
				D027CEAA253BD3920046ABFC /* LaunchScreen.storyboard in Resources */,
				D027CEA7253BD3920046ABFC /* Assets.xcassets in Resources */,
				D027CEA5253BD3910046ABFC /* Main.storyboard in Resources */,
			);
			runOnlyForDeploymentPostprocessing = 0;
		};
		D027CEAE253BD3920046ABFC /* Resources */ = {
			isa = PBXResourcesBuildPhase;
			buildActionMask = 2147483647;
			files = (
			);
			runOnlyForDeploymentPostprocessing = 0;
		};
		D027CEB9253BD3920046ABFC /* Resources */ = {
			isa = PBXResourcesBuildPhase;
			buildActionMask = 2147483647;
			files = (
			);
			runOnlyForDeploymentPostprocessing = 0;
		};
/* End PBXResourcesBuildPhase section */

/* Begin PBXSourcesBuildPhase section */
		D027CE96253BD3910046ABFC /* Sources */ = {
			isa = PBXSourcesBuildPhase;
			buildActionMask = 2147483647;
			files = (
				D027CEA2253BD3910046ABFC /* ViewController.swift in Sources */,
				D027CE9E253BD3910046ABFC /* AppDelegate.swift in Sources */,
				D027CEA0253BD3910046ABFC /* SceneDelegate.swift in Sources */,
			);
			runOnlyForDeploymentPostprocessing = 0;
		};
		D027CEAC253BD3920046ABFC /* Sources */ = {
			isa = PBXSourcesBuildPhase;
			buildActionMask = 2147483647;
			files = (
				D027CEB5253BD3920046ABFC /* flixsterTests.swift in Sources */,
			);
			runOnlyForDeploymentPostprocessing = 0;
		};
		D027CEB7253BD3920046ABFC /* Sources */ = {
			isa = PBXSourcesBuildPhase;
			buildActionMask = 2147483647;
			files = (
				D027CEC0253BD3920046ABFC /* flixsterUITests.swift in Sources */,
			);
			runOnlyForDeploymentPostprocessing = 0;
		};
/* End PBXSourcesBuildPhase section */

/* Begin PBXTargetDependency section */
		D027CEB2253BD3920046ABFC /* PBXTargetDependency */ = {
			isa = PBXTargetDependency;
			target = D027CE99253BD3910046ABFC /* flixster */;
			targetProxy = D027CEB1253BD3920046ABFC /* PBXContainerItemProxy */;
		};
		D027CEBD253BD3920046ABFC /* PBXTargetDependency */ = {
			isa = PBXTargetDependency;
			target = D027CE99253BD3910046ABFC /* flixster */;
			targetProxy = D027CEBC253BD3920046ABFC /* PBXContainerItemProxy */;
		};
/* End PBXTargetDependency section */

/* Begin PBXVariantGroup section */
		D027CEA3253BD3910046ABFC /* Main.storyboard */ = {
			isa = PBXVariantGroup;
			children = (
				D027CEA4253BD3910046ABFC /* Base */,
			);
			name = Main.storyboard;
			sourceTree = "<group>";
		};
		D027CEA8253BD3920046ABFC /* LaunchScreen.storyboard */ = {
			isa = PBXVariantGroup;
			children = (
				D027CEA9253BD3920046ABFC /* Base */,
			);
			name = LaunchScreen.storyboard;
			sourceTree = "<group>";
		};
/* End PBXVariantGroup section */

/* Begin XCBuildConfiguration section */
		D027CEC2253BD3920046ABFC /* Debug */ = {
			isa = XCBuildConfiguration;
			buildSettings = {
				ALWAYS_SEARCH_USER_PATHS = NO;
				CLANG_ANALYZER_NONNULL = YES;
				CLANG_ANALYZER_NUMBER_OBJECT_CONVERSION = YES_AGGRESSIVE;
				CLANG_CXX_LANGUAGE_STANDARD = "gnu++14";
				CLANG_CXX_LIBRARY = "libc++";
				CLANG_ENABLE_MODULES = YES;
				CLANG_ENABLE_OBJC_ARC = YES;
				CLANG_ENABLE_OBJC_WEAK = YES;
				CLANG_WARN_BLOCK_CAPTURE_AUTORELEASING = YES;
				CLANG_WARN_BOOL_CONVERSION = YES;
				CLANG_WARN_COMMA = YES;
				CLANG_WARN_CONSTANT_CONVERSION = YES;
				CLANG_WARN_DEPRECATED_OBJC_IMPLEMENTATIONS = YES;
				CLANG_WARN_DIRECT_OBJC_ISA_USAGE = YES_ERROR;
				CLANG_WARN_DOCUMENTATION_COMMENTS = YES;
				CLANG_WARN_EMPTY_BODY = YES;
				CLANG_WARN_ENUM_CONVERSION = YES;
				CLANG_WARN_INFINITE_RECURSION = YES;
				CLANG_WARN_INT_CONVERSION = YES;
				CLANG_WARN_NON_LITERAL_NULL_CONVERSION = YES;
				CLANG_WARN_OBJC_IMPLICIT_RETAIN_SELF = YES;
				CLANG_WARN_OBJC_LITERAL_CONVERSION = YES;
				CLANG_WARN_OBJC_ROOT_CLASS = YES_ERROR;
				CLANG_WARN_RANGE_LOOP_ANALYSIS = YES;
				CLANG_WARN_STRICT_PROTOTYPES = YES;
				CLANG_WARN_SUSPICIOUS_MOVE = YES;
				CLANG_WARN_UNGUARDED_AVAILABILITY = YES_AGGRESSIVE;
				CLANG_WARN_UNREACHABLE_CODE = YES;
				CLANG_WARN__DUPLICATE_METHOD_MATCH = YES;
				COPY_PHASE_STRIP = NO;
				DEBUG_INFORMATION_FORMAT = dwarf;
				ENABLE_STRICT_OBJC_MSGSEND = YES;
				ENABLE_TESTABILITY = YES;
				GCC_C_LANGUAGE_STANDARD = gnu11;
				GCC_DYNAMIC_NO_PIC = NO;
				GCC_NO_COMMON_BLOCKS = YES;
				GCC_OPTIMIZATION_LEVEL = 0;
				GCC_PREPROCESSOR_DEFINITIONS = (
					"DEBUG=1",
					"$(inherited)",
				);
				GCC_WARN_64_TO_32_BIT_CONVERSION = YES;
				GCC_WARN_ABOUT_RETURN_TYPE = YES_ERROR;
				GCC_WARN_UNDECLARED_SELECTOR = YES;
				GCC_WARN_UNINITIALIZED_AUTOS = YES_AGGRESSIVE;
				GCC_WARN_UNUSED_FUNCTION = YES;
				GCC_WARN_UNUSED_VARIABLE = YES;
				IPHONEOS_DEPLOYMENT_TARGET = 13.6;
				MTL_ENABLE_DEBUG_INFO = INCLUDE_SOURCE;
				MTL_FAST_MATH = YES;
				ONLY_ACTIVE_ARCH = YES;
				SDKROOT = iphoneos;
				SWIFT_ACTIVE_COMPILATION_CONDITIONS = DEBUG;
				SWIFT_OPTIMIZATION_LEVEL = "-Onone";
			};
			name = Debug;
		};
		D027CEC3253BD3920046ABFC /* Release */ = {
			isa = XCBuildConfiguration;
			buildSettings = {
				ALWAYS_SEARCH_USER_PATHS = NO;
				CLANG_ANALYZER_NONNULL = YES;
				CLANG_ANALYZER_NUMBER_OBJECT_CONVERSION = YES_AGGRESSIVE;
				CLANG_CXX_LANGUAGE_STANDARD = "gnu++14";
				CLANG_CXX_LIBRARY = "libc++";
				CLANG_ENABLE_MODULES = YES;
				CLANG_ENABLE_OBJC_ARC = YES;
				CLANG_ENABLE_OBJC_WEAK = YES;
				CLANG_WARN_BLOCK_CAPTURE_AUTORELEASING = YES;
				CLANG_WARN_BOOL_CONVERSION = YES;
				CLANG_WARN_COMMA = YES;
				CLANG_WARN_CONSTANT_CONVERSION = YES;
				CLANG_WARN_DEPRECATED_OBJC_IMPLEMENTATIONS = YES;
				CLANG_WARN_DIRECT_OBJC_ISA_USAGE = YES_ERROR;
				CLANG_WARN_DOCUMENTATION_COMMENTS = YES;
				CLANG_WARN_EMPTY_BODY = YES;
				CLANG_WARN_ENUM_CONVERSION = YES;
				CLANG_WARN_INFINITE_RECURSION = YES;
				CLANG_WARN_INT_CONVERSION = YES;
				CLANG_WARN_NON_LITERAL_NULL_CONVERSION = YES;
				CLANG_WARN_OBJC_IMPLICIT_RETAIN_SELF = YES;
				CLANG_WARN_OBJC_LITERAL_CONVERSION = YES;
				CLANG_WARN_OBJC_ROOT_CLASS = YES_ERROR;
				CLANG_WARN_RANGE_LOOP_ANALYSIS = YES;
				CLANG_WARN_STRICT_PROTOTYPES = YES;
				CLANG_WARN_SUSPICIOUS_MOVE = YES;
				CLANG_WARN_UNGUARDED_AVAILABILITY = YES_AGGRESSIVE;
				CLANG_WARN_UNREACHABLE_CODE = YES;
				CLANG_WARN__DUPLICATE_METHOD_MATCH = YES;
				COPY_PHASE_STRIP = NO;
				DEBUG_INFORMATION_FORMAT = "dwarf-with-dsym";
				ENABLE_NS_ASSERTIONS = NO;
				ENABLE_STRICT_OBJC_MSGSEND = YES;
				GCC_C_LANGUAGE_STANDARD = gnu11;
				GCC_NO_COMMON_BLOCKS = YES;
				GCC_WARN_64_TO_32_BIT_CONVERSION = YES;
				GCC_WARN_ABOUT_RETURN_TYPE = YES_ERROR;
				GCC_WARN_UNDECLARED_SELECTOR = YES;
				GCC_WARN_UNINITIALIZED_AUTOS = YES_AGGRESSIVE;
				GCC_WARN_UNUSED_FUNCTION = YES;
				GCC_WARN_UNUSED_VARIABLE = YES;
				IPHONEOS_DEPLOYMENT_TARGET = 13.6;
				MTL_ENABLE_DEBUG_INFO = NO;
				MTL_FAST_MATH = YES;
				SDKROOT = iphoneos;
				SWIFT_COMPILATION_MODE = wholemodule;
				SWIFT_OPTIMIZATION_LEVEL = "-O";
				VALIDATE_PRODUCT = YES;
			};
			name = Release;
		};
		D027CEC5253BD3920046ABFC /* Debug */ = {
			isa = XCBuildConfiguration;
			buildSettings = {
				ASSETCATALOG_COMPILER_APPICON_NAME = AppIcon;
				CODE_SIGN_STYLE = Automatic;
				INFOPLIST_FILE = flixster/Info.plist;
				LD_RUNPATH_SEARCH_PATHS = (
					"$(inherited)",
					"@executable_path/Frameworks",
				);
				PRODUCT_BUNDLE_IDENTIFIER = Justin.flixster;
				PRODUCT_NAME = "$(TARGET_NAME)";
				SWIFT_VERSION = 5.0;
				TARGETED_DEVICE_FAMILY = "1,2";
			};
			name = Debug;
		};
		D027CEC6253BD3920046ABFC /* Release */ = {
			isa = XCBuildConfiguration;
			buildSettings = {
				ASSETCATALOG_COMPILER_APPICON_NAME = AppIcon;
				CODE_SIGN_STYLE = Automatic;
				INFOPLIST_FILE = flixster/Info.plist;
				LD_RUNPATH_SEARCH_PATHS = (
					"$(inherited)",
					"@executable_path/Frameworks",
				);
				PRODUCT_BUNDLE_IDENTIFIER = Justin.flixster;
				PRODUCT_NAME = "$(TARGET_NAME)";
				SWIFT_VERSION = 5.0;
				TARGETED_DEVICE_FAMILY = "1,2";
			};
			name = Release;
		};
		D027CEC8253BD3920046ABFC /* Debug */ = {
			isa = XCBuildConfiguration;
			buildSettings = {
				ALWAYS_EMBED_SWIFT_STANDARD_LIBRARIES = YES;
				BUNDLE_LOADER = "$(TEST_HOST)";
				CODE_SIGN_STYLE = Automatic;
				INFOPLIST_FILE = flixsterTests/Info.plist;
				IPHONEOS_DEPLOYMENT_TARGET = 13.6;
				LD_RUNPATH_SEARCH_PATHS = (
					"$(inherited)",
					"@executable_path/Frameworks",
					"@loader_path/Frameworks",
				);
				PRODUCT_BUNDLE_IDENTIFIER = Justin.flixsterTests;
				PRODUCT_NAME = "$(TARGET_NAME)";
				SWIFT_VERSION = 5.0;
				TARGETED_DEVICE_FAMILY = "1,2";
				TEST_HOST = "$(BUILT_PRODUCTS_DIR)/flixster.app/flixster";
			};
			name = Debug;
		};
		D027CEC9253BD3920046ABFC /* Release */ = {
			isa = XCBuildConfiguration;
			buildSettings = {
				ALWAYS_EMBED_SWIFT_STANDARD_LIBRARIES = YES;
				BUNDLE_LOADER = "$(TEST_HOST)";
				CODE_SIGN_STYLE = Automatic;
				INFOPLIST_FILE = flixsterTests/Info.plist;
				IPHONEOS_DEPLOYMENT_TARGET = 13.6;
				LD_RUNPATH_SEARCH_PATHS = (
					"$(inherited)",
					"@executable_path/Frameworks",
					"@loader_path/Frameworks",
				);
				PRODUCT_BUNDLE_IDENTIFIER = Justin.flixsterTests;
				PRODUCT_NAME = "$(TARGET_NAME)";
				SWIFT_VERSION = 5.0;
				TARGETED_DEVICE_FAMILY = "1,2";
				TEST_HOST = "$(BUILT_PRODUCTS_DIR)/flixster.app/flixster";
			};
			name = Release;
		};
		D027CECB253BD3920046ABFC /* Debug */ = {
			isa = XCBuildConfiguration;
			buildSettings = {
				ALWAYS_EMBED_SWIFT_STANDARD_LIBRARIES = YES;
				CODE_SIGN_STYLE = Automatic;
				INFOPLIST_FILE = flixsterUITests/Info.plist;
				LD_RUNPATH_SEARCH_PATHS = (
					"$(inherited)",
					"@executable_path/Frameworks",
					"@loader_path/Frameworks",
				);
				PRODUCT_BUNDLE_IDENTIFIER = Justin.flixsterUITests;
				PRODUCT_NAME = "$(TARGET_NAME)";
				SWIFT_VERSION = 5.0;
				TARGETED_DEVICE_FAMILY = "1,2";
				TEST_TARGET_NAME = flixster;
			};
			name = Debug;
		};
		D027CECC253BD3920046ABFC /* Release */ = {
			isa = XCBuildConfiguration;
			buildSettings = {
				ALWAYS_EMBED_SWIFT_STANDARD_LIBRARIES = YES;
				CODE_SIGN_STYLE = Automatic;
				INFOPLIST_FILE = flixsterUITests/Info.plist;
				LD_RUNPATH_SEARCH_PATHS = (
					"$(inherited)",
					"@executable_path/Frameworks",
					"@loader_path/Frameworks",
				);
				PRODUCT_BUNDLE_IDENTIFIER = Justin.flixsterUITests;
				PRODUCT_NAME = "$(TARGET_NAME)";
				SWIFT_VERSION = 5.0;
				TARGETED_DEVICE_FAMILY = "1,2";
				TEST_TARGET_NAME = flixster;
			};
			name = Release;
		};
/* End XCBuildConfiguration section */

/* Begin XCConfigurationList section */
		D027CE95253BD3910046ABFC /* Build configuration list for PBXProject "flixster" */ = {
			isa = XCConfigurationList;
			buildConfigurations = (
				D027CEC2253BD3920046ABFC /* Debug */,
				D027CEC3253BD3920046ABFC /* Release */,
			);
			defaultConfigurationIsVisible = 0;
			defaultConfigurationName = Release;
		};
		D027CEC4253BD3920046ABFC /* Build configuration list for PBXNativeTarget "flixster" */ = {
			isa = XCConfigurationList;
			buildConfigurations = (
				D027CEC5253BD3920046ABFC /* Debug */,
				D027CEC6253BD3920046ABFC /* Release */,
			);
			defaultConfigurationIsVisible = 0;
			defaultConfigurationName = Release;
		};
		D027CEC7253BD3920046ABFC /* Build configuration list for PBXNativeTarget "flixsterTests" */ = {
			isa = XCConfigurationList;
			buildConfigurations = (
				D027CEC8253BD3920046ABFC /* Debug */,
				D027CEC9253BD3920046ABFC /* Release */,
			);
			defaultConfigurationIsVisible = 0;
			defaultConfigurationName = Release;
		};
		D027CECA253BD3920046ABFC /* Build configuration list for PBXNativeTarget "flixsterUITests" */ = {
			isa = XCConfigurationList;
			buildConfigurations = (
				D027CECB253BD3920046ABFC /* Debug */,
				D027CECC253BD3920046ABFC /* Release */,
			);
			defaultConfigurationIsVisible = 0;
			defaultConfigurationName = Release;
		};
/* End XCConfigurationList section */
	};
	rootObject = D027CE92253BD3910046ABFC /* Project object */;
}
